// !$*UTF8*$!
{
	archiveVersion = 1;
	classes = {
	};
	objectVersion = 46;
	objects = {

/* Begin PBXBuildFile section */
		BE2E995317843D4B005127B0 /* UIKit.framework in Frameworks */ = {isa = PBXBuildFile; fileRef = BE2E995217843D4B005127B0 /* UIKit.framework */; };
		BE2E995517843D4B005127B0 /* Foundation.framework in Frameworks */ = {isa = PBXBuildFile; fileRef = BE2E995417843D4B005127B0 /* Foundation.framework */; };
		BE2E995717843D4B005127B0 /* CoreGraphics.framework in Frameworks */ = {isa = PBXBuildFile; fileRef = BE2E995617843D4B005127B0 /* CoreGraphics.framework */; };
		BE2E995D17843D4B005127B0 /* InfoPlist.strings in Resources */ = {isa = PBXBuildFile; fileRef = BE2E995B17843D4B005127B0 /* InfoPlist.strings */; };
		BE2E995F17843D4B005127B0 /* main.m in Sources */ = {isa = PBXBuildFile; fileRef = BE2E995E17843D4B005127B0 /* main.m */; };
		BE2E996317843D4B005127B0 /* AppDelegate.m in Sources */ = {isa = PBXBuildFile; fileRef = BE2E996217843D4B005127B0 /* AppDelegate.m */; };
		BE2E996517843D4B005127B0 /* Default.png in Resources */ = {isa = PBXBuildFile; fileRef = BE2E996417843D4B005127B0 /* Default.png */; };
		BE2E996717843D4B005127B0 /* Default@2x.png in Resources */ = {isa = PBXBuildFile; fileRef = BE2E996617843D4B005127B0 /* Default@2x.png */; };
		BE2E996917843D4B005127B0 /* Default-568h@2x.png in Resources */ = {isa = PBXBuildFile; fileRef = BE2E996817843D4B005127B0 /* Default-568h@2x.png */; };
		BE2E996C17843D4B005127B0 /* MainStoryboard.storyboard in Resources */ = {isa = PBXBuildFile; fileRef = BE2E996A17843D4B005127B0 /* MainStoryboard.storyboard */; };
		BE2E996F17843D4B005127B0 /* ViewController.m in Sources */ = {isa = PBXBuildFile; fileRef = BE2E996E17843D4B005127B0 /* ViewController.m */; };
/* End PBXBuildFile section */

/* Begin PBXFileReference section */
		BE2E994F17843D4B005127B0 /* keepsafe.app */ = {isa = PBXFileReference; explicitFileType = wrapper.application; includeInIndex = 0; path = keepsafe.app; sourceTree = BUILT_PRODUCTS_DIR; };
		BE2E995217843D4B005127B0 /* UIKit.framework */ = {isa = PBXFileReference; lastKnownFileType = wrapper.framework; name = UIKit.framework; path = System/Library/Frameworks/UIKit.framework; sourceTree = SDKROOT; };
		BE2E995417843D4B005127B0 /* Foundation.framework */ = {isa = PBXFileReference; lastKnownFileType = wrapper.framework; name = Foundation.framework; path = System/Library/Frameworks/Foundation.framework; sourceTree = SDKROOT; };
		BE2E995617843D4B005127B0 /* CoreGraphics.framework */ = {isa = PBXFileReference; lastKnownFileType = wrapper.framework; name = CoreGraphics.framework; path = System/Library/Frameworks/CoreGraphics.framework; sourceTree = SDKROOT; };
		BE2E995A17843D4B005127B0 /* keepsafe-Info.plist */ = {isa = PBXFileReference; lastKnownFileType = text.plist.xml; path = "keepsafe-Info.plist"; sourceTree = "<group>"; };
		BE2E995C17843D4B005127B0 /* en */ = {isa = PBXFileReference; lastKnownFileType = text.plist.strings; name = en; path = en.lproj/InfoPlist.strings; sourceTree = "<group>"; };
		BE2E995E17843D4B005127B0 /* main.m */ = {isa = PBXFileReference; lastKnownFileType = sourcecode.c.objc; path = main.m; sourceTree = "<group>"; };
		BE2E996017843D4B005127B0 /* keepsafe-Prefix.pch */ = {isa = PBXFileReference; lastKnownFileType = sourcecode.c.h; path = "keepsafe-Prefix.pch"; sourceTree = "<group>"; };
		BE2E996117843D4B005127B0 /* AppDelegate.h */ = {isa = PBXFileReference; lastKnownFileType = sourcecode.c.h; path = AppDelegate.h; sourceTree = "<group>"; };
		BE2E996217843D4B005127B0 /* AppDelegate.m */ = {isa = PBXFileReference; lastKnownFileType = sourcecode.c.objc; path = AppDelegate.m; sourceTree = "<group>"; };
		BE2E996417843D4B005127B0 /* Default.png */ = {isa = PBXFileReference; lastKnownFileType = image.png; path = Default.png; sourceTree = "<group>"; };
		BE2E996617843D4B005127B0 /* Default@2x.png */ = {isa = PBXFileReference; lastKnownFileType = image.png; path = "Default@2x.png"; sourceTree = "<group>"; };
		BE2E996817843D4B005127B0 /* Default-568h@2x.png */ = {isa = PBXFileReference; lastKnownFileType = image.png; path = "Default-568h@2x.png"; sourceTree = "<group>"; };
		BE2E996B17843D4B005127B0 /* en */ = {isa = PBXFileReference; lastKnownFileType = file.storyboard; name = en; path = en.lproj/MainStoryboard.storyboard; sourceTree = "<group>"; };
		BE2E996D17843D4B005127B0 /* ViewController.h */ = {isa = PBXFileReference; lastKnownFileType = sourcecode.c.h; path = ViewController.h; sourceTree = "<group>"; };
		BE2E996E17843D4B005127B0 /* ViewController.m */ = {isa = PBXFileReference; lastKnownFileType = sourcecode.c.objc; path = ViewController.m; sourceTree = "<group>"; };
/* End PBXFileReference section */

/* Begin PBXFrameworksBuildPhase section */
		BE2E994C17843D4B005127B0 /* Frameworks */ = {
			isa = PBXFrameworksBuildPhase;
			buildActionMask = 2147483647;
			files = (
				BE2E995317843D4B005127B0 /* UIKit.framework in Frameworks */,
				BE2E995517843D4B005127B0 /* Foundation.framework in Frameworks */,
				BE2E995717843D4B005127B0 /* CoreGraphics.framework in Frameworks */,
			);
			runOnlyForDeploymentPostprocessing = 0;
		};
/* End PBXFrameworksBuildPhase section */

/* Begin PBXGroup section */
		BE2E994617843D4A005127B0 = {
			isa = PBXGroup;
			children = (
				BE2E995817843D4B005127B0 /* keepsafe */,
				BE2E995117843D4B005127B0 /* Frameworks */,
				BE2E995017843D4B005127B0 /* Products */,
			);
			sourceTree = "<group>";
		};
		BE2E995017843D4B005127B0 /* Products */ = {
			isa = PBXGroup;
			children = (
				BE2E994F17843D4B005127B0 /* keepsafe.app */,
			);
			name = Products;
			sourceTree = "<group>";
		};
		BE2E995117843D4B005127B0 /* Frameworks */ = {
			isa = PBXGroup;
			children = (
				BE2E995217843D4B005127B0 /* UIKit.framework */,
				BE2E995417843D4B005127B0 /* Foundation.framework */,
				BE2E995617843D4B005127B0 /* CoreGraphics.framework */,
			);
			name = Frameworks;
			sourceTree = "<group>";
		};
		BE2E995817843D4B005127B0 /* keepsafe */ = {
			isa = PBXGroup;
			children = (
				BE2E996117843D4B005127B0 /* AppDelegate.h */,
				BE2E996217843D4B005127B0 /* AppDelegate.m */,
				BE2E996A17843D4B005127B0 /* MainStoryboard.storyboard */,
				BE2E996D17843D4B005127B0 /* ViewController.h */,
				BE2E996E17843D4B005127B0 /* ViewController.m */,
				BE2E995917843D4B005127B0 /* Supporting Files */,
			);
			path = keepsafe;
			sourceTree = "<group>";
		};
		BE2E995917843D4B005127B0 /* Supporting Files */ = {
			isa = PBXGroup;
			children = (
				BE2E995A17843D4B005127B0 /* keepsafe-Info.plist */,
				BE2E995B17843D4B005127B0 /* InfoPlist.strings */,
				BE2E995E17843D4B005127B0 /* main.m */,
				BE2E996017843D4B005127B0 /* keepsafe-Prefix.pch */,
				BE2E996417843D4B005127B0 /* Default.png */,
				BE2E996617843D4B005127B0 /* Default@2x.png */,
				BE2E996817843D4B005127B0 /* Default-568h@2x.png */,
			);
			name = "Supporting Files";
			sourceTree = "<group>";
		};
/* End PBXGroup section */

/* Begin PBXNativeTarget section */
		BE2E994E17843D4B005127B0 /* keepsafe */ = {
			isa = PBXNativeTarget;
			buildConfigurationList = BE2E997217843D4B005127B0 /* Build configuration list for PBXNativeTarget "keepsafe" */;
			buildPhases = (
				BE2E994B17843D4B005127B0 /* Sources */,
				BE2E994C17843D4B005127B0 /* Frameworks */,
				BE2E994D17843D4B005127B0 /* Resources */,
			);
			buildRules = (
			);
			dependencies = (
			);
			name = keepsafe;
			productName = keepsafe;
			productReference = BE2E994F17843D4B005127B0 /* keepsafe.app */;
			productType = "com.apple.product-type.application";
		};
/* End PBXNativeTarget section */

/* Begin PBXProject section */
		BE2E994717843D4B005127B0 /* Project object */ = {
			isa = PBXProject;
			attributes = {
				LastUpgradeCheck = 0460;
				ORGANIZATIONNAME = com.futeroxaapcoda;
			};
			buildConfigurationList = BE2E994A17843D4B005127B0 /* Build configuration list for PBXProject "keepsafe" */;
			compatibilityVersion = "Xcode 3.2";
			developmentRegion = English;
			hasScannedForEncodings = 0;
			knownRegions = (
				en,
			);
			mainGroup = BE2E994617843D4A005127B0;
			productRefGroup = BE2E995017843D4B005127B0 /* Products */;
			projectDirPath = "";
			projectRoot = "";
			targets = (
				BE2E994E17843D4B005127B0 /* keepsafe */,
			);
		};
/* End PBXProject section */

/* Begin PBXResourcesBuildPhase section */
		BE2E994D17843D4B005127B0 /* Resources */ = {
			isa = PBXResourcesBuildPhase;
			buildActionMask = 2147483647;
			files = (
				BE2E995D17843D4B005127B0 /* InfoPlist.strings in Resources */,
				BE2E996517843D4B005127B0 /* Default.png in Resources */,
				BE2E996717843D4B005127B0 /* Default@2x.png in Resources */,
				BE2E996917843D4B005127B0 /* Default-568h@2x.png in Resources */,
				BE2E996C17843D4B005127B0 /* MainStoryboard.storyboard in Resources */,
			);
			runOnlyForDeploymentPostprocessing = 0;
		};
/* End PBXResourcesBuildPhase section */

/* Begin PBXSourcesBuildPhase section */
		BE2E994B17843D4B005127B0 /* Sources */ = {
			isa = PBXSourcesBuildPhase;
			buildActionMask = 2147483647;
			files = (
				BE2E995F17843D4B005127B0 /* main.m in Sources */,
				BE2E996317843D4B005127B0 /* AppDelegate.m in Sources */,
				BE2E996F17843D4B005127B0 /* ViewController.m in Sources */,
			);
			runOnlyForDeploymentPostprocessing = 0;
		};
/* End PBXSourcesBuildPhase section */

/* Begin PBXVariantGroup section */
		BE2E995B17843D4B005127B0 /* InfoPlist.strings */ = {
			isa = PBXVariantGroup;
			children = (
				BE2E995C17843D4B005127B0 /* en */,
			);
			name = InfoPlist.strings;
			sourceTree = "<group>";
		};
		BE2E996A17843D4B005127B0 /* MainStoryboard.storyboard */ = {
			isa = PBXVariantGroup;
			children = (
				BE2E996B17843D4B005127B0 /* en */,
			);
			name = MainStoryboard.storyboard;
			sourceTree = "<group>";
		};
/* End PBXVariantGroup section */

/* Begin XCBuildConfiguration section */
		BE2E997017843D4B005127B0 /* Debug */ = {
			isa = XCBuildConfiguration;
			buildSettings = {
				ALWAYS_SEARCH_USER_PATHS = NO;
				CLANG_CXX_LANGUAGE_STANDARD = "gnu++0x";
				CLANG_CXX_LIBRARY = "libc++";
				CLANG_ENABLE_OBJC_ARC = YES;
				CLANG_WARN_CONSTANT_CONVERSION = YES;
				CLANG_WARN_EMPTY_BODY = YES;
				CLANG_WARN_ENUM_CONVERSION = YES;
				CLANG_WARN_INT_CONVERSION = YES;
				CLANG_WARN__DUPLICATE_METHOD_MATCH = YES;
				"CODE_SIGN_IDENTITY[sdk=iphoneos*]" = "iPhone Developer";
				COPY_PHASE_STRIP = NO;
				GCC_C_LANGUAGE_STANDARD = gnu99;
				GCC_DYNAMIC_NO_PIC = NO;
				GCC_OPTIMIZATION_LEVEL = 0;
				GCC_PREPROCESSOR_DEFINITIONS = (
					"DEBUG=1",
					"$(inherited)",
				);
				GCC_SYMBOLS_PRIVATE_EXTERN = NO;
				GCC_WARN_ABOUT_RETURN_TYPE = YES;
				GCC_WARN_UNINITIALIZED_AUTOS = YES;
				GCC_WARN_UNUSED_VARIABLE = YES;
				IPHONEOS_DEPLOYMENT_TARGET = 6.1;
				ONLY_ACTIVE_ARCH = YES;
				SDKROOT = iphoneos;
			};
			name = Debug;
		};
		BE2E997117843D4B005127B0 /* Release */ = {
			isa = XCBuildConfiguration;
			buildSettings = {
				ALWAYS_SEARCH_USER_PATHS = NO;
				CLANG_CXX_LANGUAGE_STANDARD = "gnu++0x";
				CLANG_CXX_LIBRARY = "libc++";
				CLANG_ENABLE_OBJC_ARC = YES;
				CLANG_WARN_CONSTANT_CONVERSION = YES;
				CLANG_WARN_EMPTY_BODY = YES;
				CLANG_WARN_ENUM_CONVERSION = YES;
				CLANG_WARN_INT_CONVERSION = YES;
				CLANG_WARN__DUPLICATE_METHOD_MATCH = YES;
				"CODE_SIGN_IDENTITY[sdk=iphoneos*]" = "iPhone Developer";
				COPY_PHASE_STRIP = YES;
				GCC_C_LANGUAGE_STANDARD = gnu99;
				GCC_WARN_ABOUT_RETURN_TYPE = YES;
				GCC_WARN_UNINITIALIZED_AUTOS = YES;
				GCC_WARN_UNUSED_VARIABLE = YES;
				IPHONEOS_DEPLOYMENT_TARGET = 6.1;
				OTHER_CFLAGS = "-DNS_BLOCK_ASSERTIONS=1";
				SDKROOT = iphoneos;
				VALIDATE_PRODUCT = YES;
			};
			name = Release;
		};
		BE2E997317843D4B005127B0 /* Debug */ = {
			isa = XCBuildConfiguration;
			buildSettings = {
				GCC_PRECOMPILE_PREFIX_HEADER = YES;
				GCC_PREFIX_HEADER = "keepsafe/keepsafe-Prefix.pch";
				INFOPLIST_FILE = "keepsafe/keepsafe-Info.plist";
				PRODUCT_NAME = "$(TARGET_NAME)";
				WRAPPER_EXTENSION = app;
			};
			name = Debug;
		};
		BE2E997417843D4B005127B0 /* Release */ = {
			isa = XCBuildConfiguration;
			buildSettings = {
				GCC_PRECOMPILE_PREFIX_HEADER = YES;
				GCC_PREFIX_HEADER = "keepsafe/keepsafe-Prefix.pch";
				INFOPLIST_FILE = "keepsafe/keepsafe-Info.plist";
				PRODUCT_NAME = "$(TARGET_NAME)";
				WRAPPER_EXTENSION = app;
			};
			name = Release;
		};
/* End XCBuildConfiguration section */

/* Begin XCConfigurationList section */
		BE2E994A17843D4B005127B0 /* Build configuration list for PBXProject "keepsafe" */ = {
			isa = XCConfigurationList;
			buildConfigurations = (
				BE2E997017843D4B005127B0 /* Debug */,
				BE2E997117843D4B005127B0 /* Release */,
			);
			defaultConfigurationIsVisible = 0;
			defaultConfigurationName = Release;
		};
		BE2E997217843D4B005127B0 /* Build configuration list for PBXNativeTarget "keepsafe" */ = {
			isa = XCConfigurationList;
			buildConfigurations = (
				BE2E997317843D4B005127B0 /* Debug */,
				BE2E997417843D4B005127B0 /* Release */,
			);
			defaultConfigurationIsVisible = 0;
		};
/* End XCConfigurationList section */
	};
	rootObject = BE2E994717843D4B005127B0 /* Project object */;
}
